// !$*UTF8*$!
{
	archiveVersion = 1;
	classes = {
	};
	objectVersion = 46;
	objects = {

/* Begin PBXBuildFile section */
		D443207216C84F5400112D18 /* myUtilities.cpp in Sources */ = {isa = PBXBuildFile; fileRef = D443207016C84F5400112D18 /* myUtilities.cpp */; };
		D480ECF116B58AD500BECB33 /* l1log.cpp in Sources */ = {isa = PBXBuildFile; fileRef = D480ECEF16B58AD500BECB33 /* l1log.cpp */; };
		D4B48E2116C1EA3F00107AB3 /* lhac.cpp in Sources */ = {isa = PBXBuildFile; fileRef = D4B48E2016C1EA3F00107AB3 /* lhac.cpp */; };
		D4FBD18316AD90C7006E7958 /* LHAC_v1.1 in CopyFiles */ = {isa = PBXBuildFile; fileRef = D4FBD18216AD90C7006E7958 /* LHAC_v1.1 */; };
		D4FBD18A16AD9104006E7958 /* Accelerate.framework in Frameworks */ = {isa = PBXBuildFile; fileRef = D4FBD18916AD9104006E7958 /* Accelerate.framework */; };
		D4FE841C16B97155004371C4 /* Lbfgs.cpp in Sources */ = {isa = PBXBuildFile; fileRef = D4FE841A16B97155004371C4 /* Lbfgs.cpp */; };
		D4FE841F16B99683004371C4 /* drive.cpp in Sources */ = {isa = PBXBuildFile; fileRef = D4FE841D16B99683004371C4 /* drive.cpp */; };
/* End PBXBuildFile section */

/* Begin PBXCopyFilesBuildPhase section */
		D4FBD17A16AD90C7006E7958 /* CopyFiles */ = {
			isa = PBXCopyFilesBuildPhase;
			buildActionMask = 2147483647;
			dstPath = /usr/share/man/man1/;
			dstSubfolderSpec = 0;
			files = (
				D4FBD18316AD90C7006E7958 /* LHAC_v1.1 in CopyFiles */,
			);
			runOnlyForDeploymentPostprocessing = 1;
		};
/* End PBXCopyFilesBuildPhase section */

/* Begin PBXFileReference section */
		D443207016C84F5400112D18 /* myUtilities.cpp */ = {isa = PBXFileReference; fileEncoding = 4; lastKnownFileType = sourcecode.cpp.cpp; path = myUtilities.cpp; sourceTree = "<group>"; };
		D443207116C84F5400112D18 /* myUtilities.h */ = {isa = PBXFileReference; fileEncoding = 4; lastKnownFileType = sourcecode.c.h; path = myUtilities.h; sourceTree = "<group>"; };
		D480ECEF16B58AD500BECB33 /* l1log.cpp */ = {isa = PBXFileReference; fileEncoding = 4; lastKnownFileType = sourcecode.cpp.cpp; path = l1log.cpp; sourceTree = "<group>"; };
		D480ECF016B58AD500BECB33 /* l1log.h */ = {isa = PBXFileReference; fileEncoding = 4; lastKnownFileType = sourcecode.c.h; path = l1log.h; sourceTree = "<group>"; };
		D4B48E2016C1EA3F00107AB3 /* lhac.cpp */ = {isa = PBXFileReference; fileEncoding = 4; lastKnownFileType = sourcecode.cpp.cpp; path = lhac.cpp; sourceTree = "<group>"; };
		D4FBD17C16AD90C7006E7958 /* LHAC_v1 */ = {isa = PBXFileReference; explicitFileType = "compiled.mach-o.executable"; includeInIndex = 0; path = LHAC_v1; sourceTree = BUILT_PRODUCTS_DIR; };
		D4FBD18216AD90C7006E7958 /* LHAC_v1.1 */ = {isa = PBXFileReference; lastKnownFileType = text.man; path = LHAC_v1.1; sourceTree = "<group>"; };
		D4FBD18916AD9104006E7958 /* Accelerate.framework */ = {isa = PBXFileReference; lastKnownFileType = wrapper.framework; name = Accelerate.framework; path = System/Library/Frameworks/Accelerate.framework; sourceTree = SDKROOT; };
		D4FE841A16B97155004371C4 /* Lbfgs.cpp */ = {isa = PBXFileReference; fileEncoding = 4; lastKnownFileType = sourcecode.cpp.cpp; path = Lbfgs.cpp; sourceTree = "<group>"; };
		D4FE841B16B97155004371C4 /* Lbfgs.h */ = {isa = PBXFileReference; fileEncoding = 4; lastKnownFileType = sourcecode.c.h; path = Lbfgs.h; sourceTree = "<group>"; };
		D4FE841D16B99683004371C4 /* drive.cpp */ = {isa = PBXFileReference; fileEncoding = 4; lastKnownFileType = sourcecode.cpp.cpp; path = drive.cpp; sourceTree = "<group>"; };
		D4FE842116BB6BD8004371C4 /* lhac.h */ = {isa = PBXFileReference; fileEncoding = 4; lastKnownFileType = sourcecode.c.h; path = lhac.h; sourceTree = "<group>"; };
/* End PBXFileReference section */

/* Begin PBXFrameworksBuildPhase section */
		D4FBD17916AD90C7006E7958 /* Frameworks */ = {
			isa = PBXFrameworksBuildPhase;
			buildActionMask = 2147483647;
			files = (
				D4FBD18A16AD9104006E7958 /* Accelerate.framework in Frameworks */,
			);
			runOnlyForDeploymentPostprocessing = 0;
		};
/* End PBXFrameworksBuildPhase section */

/* Begin PBXGroup section */
		D4FBD17116AD90C6006E7958 = {
			isa = PBXGroup;
			children = (
				D4FBD18916AD9104006E7958 /* Accelerate.framework */,
				D4FBD17F16AD90C7006E7958 /* LHAC_v1 */,
				D4FBD17D16AD90C7006E7958 /* Products */,
			);
			sourceTree = "<group>";
		};
		D4FBD17D16AD90C7006E7958 /* Products */ = {
			isa = PBXGroup;
			children = (
				D4FBD17C16AD90C7006E7958 /* LHAC_v1 */,
			);
			name = Products;
			sourceTree = "<group>";
		};
		D4FBD17F16AD90C7006E7958 /* LHAC_v1 */ = {
			isa = PBXGroup;
			children = (
				D4FE841D16B99683004371C4 /* drive.cpp */,
				D480ECEF16B58AD500BECB33 /* l1log.cpp */,
				D480ECF016B58AD500BECB33 /* l1log.h */,
				D4FE842116BB6BD8004371C4 /* lhac.h */,
				D4B48E2016C1EA3F00107AB3 /* lhac.cpp */,
				D443207016C84F5400112D18 /* myUtilities.cpp */,
				D443207116C84F5400112D18 /* myUtilities.h */,
				D4FE841A16B97155004371C4 /* Lbfgs.cpp */,
				D4FE841B16B97155004371C4 /* Lbfgs.h */,
				D4FBD18216AD90C7006E7958 /* LHAC_v1.1 */,
			);
			path = LHAC_v1;
			sourceTree = "<group>";
		};
/* End PBXGroup section */

/* Begin PBXNativeTarget section */
		D4FBD17B16AD90C7006E7958 /* LHAC_v1 */ = {
			isa = PBXNativeTarget;
			buildConfigurationList = D4FBD18616AD90C7006E7958 /* Build configuration list for PBXNativeTarget "LHAC_v1" */;
			buildPhases = (
				D4FBD17816AD90C7006E7958 /* Sources */,
				D4FBD17916AD90C7006E7958 /* Frameworks */,
				D4FBD17A16AD90C7006E7958 /* CopyFiles */,
			);
			buildRules = (
			);
			dependencies = (
			);
			name = LHAC_v1;
			productName = LHAC_v1;
			productReference = D4FBD17C16AD90C7006E7958 /* LHAC_v1 */;
			productType = "com.apple.product-type.tool";
		};
/* End PBXNativeTarget section */

/* Begin PBXProject section */
		D4FBD17316AD90C6006E7958 /* Project object */ = {
			isa = PBXProject;
			attributes = {
				LastUpgradeCheck = 0450;
				ORGANIZATIONNAME = "Xiaocheng Tang";
			};
			buildConfigurationList = D4FBD17616AD90C6006E7958 /* Build configuration list for PBXProject "LHAC_v1" */;
			compatibilityVersion = "Xcode 3.2";
			developmentRegion = English;
			hasScannedForEncodings = 0;
			knownRegions = (
				en,
			);
			mainGroup = D4FBD17116AD90C6006E7958;
			productRefGroup = D4FBD17D16AD90C7006E7958 /* Products */;
			projectDirPath = "";
			projectRoot = "";
			targets = (
				D4FBD17B16AD90C7006E7958 /* LHAC_v1 */,
			);
		};
/* End PBXProject section */

/* Begin PBXSourcesBuildPhase section */
		D4FBD17816AD90C7006E7958 /* Sources */ = {
			isa = PBXSourcesBuildPhase;
			buildActionMask = 2147483647;
			files = (
				D480ECF116B58AD500BECB33 /* l1log.cpp in Sources */,
				D4FE841C16B97155004371C4 /* Lbfgs.cpp in Sources */,
				D4FE841F16B99683004371C4 /* drive.cpp in Sources */,
				D4B48E2116C1EA3F00107AB3 /* lhac.cpp in Sources */,
				D443207216C84F5400112D18 /* myUtilities.cpp in Sources */,
			);
			runOnlyForDeploymentPostprocessing = 0;
		};
/* End PBXSourcesBuildPhase section */

/* Begin XCBuildConfiguration section */
		D4FBD18416AD90C7006E7958 /* Debug */ = {
			isa = XCBuildConfiguration;
			buildSettings = {
				ALWAYS_SEARCH_USER_PATHS = NO;
				ARCHS = "$(ARCHS_STANDARD_64_BIT)";
				CLANG_CXX_LANGUAGE_STANDARD = "gnu++0x";
				CLANG_CXX_LIBRARY = "libc++";
				CLANG_ENABLE_OBJC_ARC = YES;
				CLANG_WARN_EMPTY_BODY = YES;
				CLANG_WARN__DUPLICATE_METHOD_MATCH = YES;
				COPY_PHASE_STRIP = NO;
				GCC_C_LANGUAGE_STANDARD = gnu99;
				GCC_DYNAMIC_NO_PIC = NO;
				GCC_ENABLE_OBJC_EXCEPTIONS = YES;
				GCC_OPTIMIZATION_LEVEL = 0;
				GCC_PREPROCESSOR_DEFINITIONS = (
					"DEBUG=1",
					"$(inherited)",
				);
				GCC_SYMBOLS_PRIVATE_EXTERN = NO;
				GCC_WARN_64_TO_32_BIT_CONVERSION = YES;
				GCC_WARN_ABOUT_RETURN_TYPE = YES;
				GCC_WARN_UNINITIALIZED_AUTOS = YES;
				GCC_WARN_UNUSED_VARIABLE = YES;
				HEADER_SEARCH_PATHS = /Applications/MATLAB_R2012a.app/extern/include;
				INSTALL_PATH = "";
				LD_DYLIB_INSTALL_NAME = "";
				LD_RUNPATH_SEARCH_PATHS = "/Applications/MATLAB_R2012a.app/bin/maci64 /Applications/MATLAB_R2010a.app/bin/maci64";
				LIBRARY_SEARCH_PATHS = /Applications/MATLAB_R2012a.app/bin/maci64;
				MACH_O_TYPE = mh_execute;
				MACOSX_DEPLOYMENT_TARGET = 10.8;
				ONLY_ACTIVE_ARCH = YES;
				OTHER_LDFLAGS = (
					"-lmex",
					"-lmx",
					"-lmat",
					"-undefined",
					error,
				);
				SDKROOT = macosx;
			};
			name = Debug;
		};
		D4FBD18516AD90C7006E7958 /* Release */ = {
			isa = XCBuildConfiguration;
			buildSettings = {
				ALWAYS_SEARCH_USER_PATHS = NO;
				ARCHS = "$(ARCHS_STANDARD_64_BIT)";
				CLANG_CXX_LANGUAGE_STANDARD = "gnu++0x";
				CLANG_CXX_LIBRARY = "libc++";
				CLANG_ENABLE_OBJC_ARC = YES;
				CLANG_WARN_EMPTY_BODY = YES;
				CLANG_WARN__DUPLICATE_METHOD_MATCH = YES;
				COPY_PHASE_STRIP = YES;
				DEBUG_INFORMATION_FORMAT = "dwarf-with-dsym";
				GCC_C_LANGUAGE_STANDARD = gnu99;
				GCC_ENABLE_OBJC_EXCEPTIONS = YES;
				GCC_WARN_64_TO_32_BIT_CONVERSION = YES;
				GCC_WARN_ABOUT_RETURN_TYPE = YES;
				GCC_WARN_UNINITIALIZED_AUTOS = YES;
				GCC_WARN_UNUSED_VARIABLE = YES;
				HEADER_SEARCH_PATHS = /Applications/MATLAB_R2012a.app/extern/include;
				INSTALL_PATH = "";
				LD_DYLIB_INSTALL_NAME = "";
				LD_RUNPATH_SEARCH_PATHS = "/Applications/MATLAB_R2012a.app/bin/maci64 /Applications/MATLAB_R2010a.app/bin/maci64";
				LIBRARY_SEARCH_PATHS = /Applications/MATLAB_R2012a.app/bin/maci64;
				MACH_O_TYPE = mh_execute;
				MACOSX_DEPLOYMENT_TARGET = 10.8;
				OTHER_LDFLAGS = (
					"-lmex",
					"-lmx",
					"-lmat",
					"-undefined",
					error,
				);
				SDKROOT = macosx;
			};
			name = Release;
		};
		D4FBD18716AD90C7006E7958 /* Debug */ = {
			isa = XCBuildConfiguration;
			buildSettings = {
				LD_DYLIB_INSTALL_NAME = "";
				LD_RUNPATH_SEARCH_PATHS = "/Applications/MATLAB_R2012a.app/bin/maci64 ./";
				LIBRARY_SEARCH_PATHS = /Applications/MATLAB_R2012a.app/bin/maci64;
				MACH_O_TYPE = mh_execute;
				PRODUCT_NAME = "$(TARGET_NAME)";
			};
			name = Debug;
		};
		D4FBD18816AD90C7006E7958 /* Release */ = {
			isa = XCBuildConfiguration;
			buildSettings = {
				LD_DYLIB_INSTALL_NAME = "";
				LD_RUNPATH_SEARCH_PATHS = "/Applications/MATLAB_R2012a.app/bin/maci64 ./";
				LIBRARY_SEARCH_PATHS = /Applications/MATLAB_R2012a.app/bin/maci64;
				MACH_O_TYPE = mh_execute;
				PRODUCT_NAME = "$(TARGET_NAME)";
			};
			name = Release;
		};
/* End XCBuildConfiguration section */

/* Begin XCConfigurationList section */
		D4FBD17616AD90C6006E7958 /* Build configuration list for PBXProject "LHAC_v1" */ = {
			isa = XCConfigurationList;
			buildConfigurations = (
				D4FBD18416AD90C7006E7958 /* Debug */,
				D4FBD18516AD90C7006E7958 /* Release */,
			);
			defaultConfigurationIsVisible = 0;
			defaultConfigurationName = Release;
		};
		D4FBD18616AD90C7006E7958 /* Build configuration list for PBXNativeTarget "LHAC_v1" */ = {
			isa = XCConfigurationList;
			buildConfigurations = (
				D4FBD18716AD90C7006E7958 /* Debug */,
				D4FBD18816AD90C7006E7958 /* Release */,
			);
			defaultConfigurationIsVisible = 0;
			defaultConfigurationName = Release;
		};
/* End XCConfigurationList section */
	};
	rootObject = D4FBD17316AD90C6006E7958 /* Project object */;
}
